
Microsoft Visual Studio Solution File, Format Version 12.00
# Visual Studio Version 17
VisualStudioVersion = 17.3.32819.101
MinimumVisualStudioVersion = 10.0.40219.1
Project("{FAE04EC0-301F-11D3-BF4B-00C04F79EFBC}") = "PodDownload", "PodDownload.csproj", "{6936CF50-2E0C-4434-8341-2643F7E63603}"
EndProject
Global
	GlobalSection(SolutionConfigurationPlatforms) = preSolution
		Debug|Any CPU = Debug|Any CPU
		Release|Any CPU = Release|Any CPU
	EndGlobalSection
	GlobalSection(ProjectConfigurationPlatforms) = postSolution
		{6936CF50-2E0C-4434-8341-2643F7E63603}.Debug|Any CPU.ActiveCfg = Debug|Any CPU
		{6936CF50-2E0C-4434-8341-2643F7E63603}.Debug|Any CPU.Build.0 = Debug|Any CPU
		{6936CF50-2E0C-4434-8341-2643F7E63603}.Release|Any CPU.ActiveCfg = Release|Any CPU
		{6936CF50-2E0C-4434-8341-2643F7E63603}.Release|Any CPU.Build.0 = Release|Any CPU
	EndGlobalSection
	GlobalSection(SolutionProperties) = preSolution
		HideSolutionNode = FALSE
	EndGlobalSection
	GlobalSection(ExtensibilityGlobals) = postSolution
		SolutionGuid = {AC59A0FB-5CD2-4F12-84A2-BB49ACEDD3F6}
	EndGlobalSection
EndGlobal
